<?xml version="1.0" encoding="UTF-8"?>
<Scheme
   LastUpgradeVersion = "1620"
   version = "1.7">
   <BuildAction
      parallelizeBuildables = "YES"
      buildImplicitDependencies = "YES"
      buildArchitectures = "Automatic">
      <BuildActionEntries>
         <BuildActionEntry
            buildForTesting = "YES"
            buildForRunning = "YES"
            buildForProfiling = "YES"
            buildForArchiving = "YES"
            buildForAnalyzing = "YES">
            <BuildableReference
               BuildableIdentifier = "primary"
               BlueprintIdentifier = "92CF18BC2F148F0D005E579B"
               BuildableName = "boilerplate.app"
               BlueprintName = "boilerplate"
               ReferencedContainer = "container:boilerplate.xcodeproj">
            </BuildableReference>
         </BuildActionEntry>
      </BuildActionEntries>
   </BuildAction>
   <TestAction
      buildConfiguration = "Debug"
      selectedDebuggerIdentifier = "Xcode.DebuggerFoundation.Debugger.LLDB"
      selectedLauncherIdentifier = "Xcode.DebuggerFoundation.Launcher.LLDB"
      shouldUseLaunchSchemeArgsEnv = "YES"
      shouldAutocreateTestPlan = "YES">
      <Testables>
         <TestableReference
            skipped = "NO"
            parallelizable = "YES">
            <BuildableReference
               BuildableIdentifier = "primary"
               BlueprintIdentifier = "92CF18D22F148F0F005E579B"
               BuildableName = "boilerplateTests.xctest"
               BlueprintName = "boilerplateTests"
               ReferencedContainer = "container:boilerplate.xcodeproj">
            </BuildableReference>
         </TestableReference>
         <TestableReference
            skipped = "NO"
            parallelizable = "YES">
            <BuildableReference
               BuildableIdentifier = "primary"
               BlueprintIdentifier = "92CF18DC2F148F0F005E579B"
               BuildableName = "boilerplateUITests.xctest"
               BlueprintName = "boilerplateUITests"
               ReferencedContainer = "container:boilerplate.xcodeproj">
            </BuildableReference>
         </TestableReference>
      </Testables>
   </TestAction>
   <LaunchAction
      buildConfiguration = "Debug"
      selectedDebuggerIdentifier = "Xcode.DebuggerFoundation.Debugger.LLDB"
      selectedLauncherIdentifier = "Xcode.DebuggerFoundation.Launcher.LLDB"
      launchStyle = "0"
      useCustomWorkingDirectory = "NO"
      ignoresPersistentStateOnLaunch = "NO"
      debugDocumentVersioning = "YES"
      debugServiceExtension = "internal"
      allowLocationSimulation = "YES">
      <BuildableProductRunnable
         runnableDebuggingMode = "0">
         <BuildableReference
            BuildableIdentifier = "primary"
            BlueprintIdentifier = "92CF18BC2F148F0D005E579B"
            BuildableName = "boilerplate.app"
            BlueprintName = "boilerplate"
            ReferencedContainer = "container:boilerplate.xcodeproj">
         </BuildableReference>
      </BuildableProductRunnable>
      <CommandLineArguments>
         <CommandLineArgument
            argument = "-FIRDebugEnabled"
            isEnabled = "YES">
         </CommandLineArgument>
      </CommandLineArguments>
      <EnvironmentVariables>
         <EnvironmentVariable
            key = "OPENAI_API_KEY"
            value = "YOUR_OPENAI_API_KEY"
            isEnabled = "YES">
         </EnvironmentVariable>
         <EnvironmentVariable
            key = "GEMINI_API_KEY"
            value = "YOUR_GEMINI_API_KEY"
            isEnabled = "YES">
         </EnvironmentVariable>
         <EnvironmentVariable
            key = "R2_ACCOUNT_ID"
            value = "YOUR_R2_ACCOUNT_ID"
            isEnabled = "NO">
         </EnvironmentVariable>
         <EnvironmentVariable
            key = "R2_BUCKET_NAME"
            value = "hobby"
            isEnabled = "NO">
         </EnvironmentVariable>
         <EnvironmentVariable
            key = "R2_ACCESS_KEY_ID"
            value = "YOUR_R2_ACCESS_KEY_ID"
            isEnabled = "NO">
         </EnvironmentVariable>
         <EnvironmentVariable
            key = "R2_SECRET_ACCESS_KEY"
            value = "YOUR_R2_SECRET_ACCESS_KEY"
            isEnabled = "NO">
         </EnvironmentVariable>
         <EnvironmentVariable
            key = "R2_PUBLIC_URL_PREFIX"
            value = "hobby.launchstack.work"
            isEnabled = "NO">
         </EnvironmentVariable>
         <EnvironmentVariable
            key = "REPLICATE_API_TOKEN"
            value = "YOUR_REPLICATE_API_TOKEN"
            isEnabled = "YES">
         </EnvironmentVariable>
         <EnvironmentVariable
            key = "IMAGEKIT_PRIVATE_KEY"
            value = "YOUR_IMAGEKIT_PRIVATE_KEY"
            isEnabled = "YES">
         </EnvironmentVariable>
         <EnvironmentVariable
            key = "IMAGEKIT_PUBLIC_KEY"
            value = "public_YsxEkvhkEGyD6jwuO6Rv0CWf8Zc="
            isEnabled = "YES">
         </EnvironmentVariable>
         <EnvironmentVariable
            key = "IMAGEKIT_URL_ENDPOINT"
            value = "https://ik.imagekit.io/hyre"
            isEnabled = "YES">
         </EnvironmentVariable>
      </EnvironmentVariables>
      <StoreKitConfigurationFileReference
         identifier = "../../boilerplate/Configuration.storekit">
      </StoreKitConfigurationFileReference>
   </LaunchAction>
   <ProfileAction
      buildConfiguration = "Release"
      shouldUseLaunchSchemeArgsEnv = "YES"
      savedToolIdentifier = ""
      useCustomWorkingDirectory = "NO"
      debugDocumentVersioning = "YES">
      <BuildableProductRunnable
         runnableDebuggingMode = "0">
         <BuildableReference
            BuildableIdentifier = "primary"
            BlueprintIdentifier = "92CF18BC2F148F0D005E579B"
            BuildableName = "boilerplate.app"
            BlueprintName = "boilerplate"
            ReferencedContainer = "container:boilerplate.xcodeproj">
         </BuildableReference>
      </BuildableProductRunnable>
   </ProfileAction>
   <AnalyzeAction
      buildConfiguration = "Debug">
   </AnalyzeAction>
   <ArchiveAction
      buildConfiguration = "Release"
      revealArchiveInOrganizer = "YES">
   </ArchiveAction>
</Scheme>
