// !$*UTF8*$!
{
	archiveVersion = 1;
	classes = {
	};
	objectVersion = 77;
	objects = {

/* Begin PBXBuildFile section */
		92CF19642F14CD83005E579B /* FirebaseAuth in Frameworks */ = {isa = PBXBuildFile; productRef = 92CF19632F14CD83005E579B /* FirebaseAuth */; };
		92CF19662F14CD83005E579B /* FirebaseFirestore in Frameworks */ = {isa = PBXBuildFile; productRef = 92CF19652F14CD83005E579B /* FirebaseFirestore */; };
		92CF19682F14CD83005E579B /* FirebaseStorage in Frameworks */ = {isa = PBXBuildFile; productRef = 92CF19672F14CD83005E579B /* FirebaseStorage */; };
		92D5A54C2F2318E900226001 /* RevenueCat in Frameworks */ = {isa = PBXBuildFile; productRef = 92D5A54B2F2318E900226001 /* RevenueCat */; };
		92D5A54E2F2318E900226001 /* RevenueCatUI in Frameworks */ = {isa = PBXBuildFile; productRef = 92D5A54D2F2318E900226001 /* RevenueCatUI */; };
		92D5A5512F2369F200226001 /* GoogleSignIn in Frameworks */ = {isa = PBXBuildFile; productRef = 92D5A5502F2369F200226001 /* GoogleSignIn */; };
		92D5A5532F2369F200226001 /* GoogleSignInSwift in Frameworks */ = {isa = PBXBuildFile; productRef = 92D5A5522F2369F200226001 /* GoogleSignInSwift */; };
/* End PBXBuildFile section */

/* Begin PBXContainerItemProxy section */
		92CF18D42F148F0F005E579B /* PBXContainerItemProxy */ = {
			isa = PBXContainerItemProxy;
			containerPortal = 92CF18B52F148F0D005E579B /* Project object */;
			proxyType = 1;
			remoteGlobalIDString = 92CF18BC2F148F0D005E579B;
			remoteInfo = boilerplate;
		};
		92CF18DE2F148F0F005E579B /* PBXContainerItemProxy */ = {
			isa = PBXContainerItemProxy;
			containerPortal = 92CF18B52F148F0D005E579B /* Project object */;
			proxyType = 1;
			remoteGlobalIDString = 92CF18BC2F148F0D005E579B;
			remoteInfo = boilerplate;
		};
/* End PBXContainerItemProxy section */

/* Begin PBXFileReference section */
		92CF18BD2F148F0D005E579B /* boilerplate.app */ = {isa = PBXFileReference; explicitFileType = wrapper.application; includeInIndex = 0; path = boilerplate.app; sourceTree = BUILT_PRODUCTS_DIR; };
		92CF18D32F148F0F005E579B /* boilerplateTests.xctest */ = {isa = PBXFileReference; explicitFileType = wrapper.cfbundle; includeInIndex = 0; path = boilerplateTests.xctest; sourceTree = BUILT_PRODUCTS_DIR; };
		92CF18DD2F148F0F005E579B /* boilerplateUITests.xctest */ = {isa = PBXFileReference; explicitFileType = wrapper.cfbundle; includeInIndex = 0; path = boilerplateUITests.xctest; sourceTree = BUILT_PRODUCTS_DIR; };
/* End PBXFileReference section */

/* Begin PBXFileSystemSynchronizedBuildFileExceptionSet section */
		92CF18E52F148F0F005E579B /* Exceptions for "boilerplate" folder in "boilerplate" target */ = {
			isa = PBXFileSystemSynchronizedBuildFileExceptionSet;
			membershipExceptions = (
				Info.plist,
			);
			target = 92CF18BC2F148F0D005E579B /* boilerplate */;
		};
/* End PBXFileSystemSynchronizedBuildFileExceptionSet section */

/* Begin PBXFileSystemSynchronizedRootGroup section */
		92CF18BF2F148F0D005E579B /* boilerplate */ = {
			isa = PBXFileSystemSynchronizedRootGroup;
			exceptions = (
				92CF18E52F148F0F005E579B /* Exceptions for "boilerplate" folder in "boilerplate" target */,
			);
			path = boilerplate;
			sourceTree = "<group>";
		};
		92CF18D62F148F0F005E579B /* boilerplateTests */ = {
			isa = PBXFileSystemSynchronizedRootGroup;
			path = boilerplateTests;
			sourceTree = "<group>";
		};
		92CF18E02F148F0F005E579B /* boilerplateUITests */ = {
			isa = PBXFileSystemSynchronizedRootGroup;
			path = boilerplateUITests;
			sourceTree = "<group>";
		};
/* End PBXFileSystemSynchronizedRootGroup section */

/* Begin PBXFrameworksBuildPhase section */
		92CF18BA2F148F0D005E579B /* Frameworks */ = {
			isa = PBXFrameworksBuildPhase;
			buildActionMask = 2147483647;
			files = (
				92D5A54C2F2318E900226001 /* RevenueCat in Frameworks */,
				92CF19642F14CD83005E579B /* FirebaseAuth in Frameworks */,
				92D5A5532F2369F200226001 /* GoogleSignInSwift in Frameworks */,
				92CF19662F14CD83005E579B /* FirebaseFirestore in Frameworks */,
				92D5A54E2F2318E900226001 /* RevenueCatUI in Frameworks */,
				92CF19682F14CD83005E579B /* FirebaseStorage in Frameworks */,
				92D5A5512F2369F200226001 /* GoogleSignIn in Frameworks */,
			);
			runOnlyForDeploymentPostprocessing = 0;
		};
		92CF18D02F148F0F005E579B /* Frameworks */ = {
			isa = PBXFrameworksBuildPhase;
			buildActionMask = 2147483647;
			files = (
			);
			runOnlyForDeploymentPostprocessing = 0;
		};
		92CF18DA2F148F0F005E579B /* Frameworks */ = {
			isa = PBXFrameworksBuildPhase;
			buildActionMask = 2147483647;
			files = (
			);
			runOnlyForDeploymentPostprocessing = 0;
		};
/* End PBXFrameworksBuildPhase section */

/* Begin PBXGroup section */
		92CF18B42F148F0D005E579B = {
			isa = PBXGroup;
			children = (
				92CF18BF2F148F0D005E579B /* boilerplate */,
				92CF18D62F148F0F005E579B /* boilerplateTests */,
				92CF18E02F148F0F005E579B /* boilerplateUITests */,
				92CF18BE2F148F0D005E579B /* Products */,
			);
			sourceTree = "<group>";
		};
		92CF18BE2F148F0D005E579B /* Products */ = {
			isa = PBXGroup;
			children = (
				92CF18BD2F148F0D005E579B /* boilerplate.app */,
				92CF18D32F148F0F005E579B /* boilerplateTests.xctest */,
				92CF18DD2F148F0F005E579B /* boilerplateUITests.xctest */,
			);
			name = Products;
			sourceTree = "<group>";
		};
/* End PBXGroup section */

/* Begin PBXNativeTarget section */
		92CF18BC2F148F0D005E579B /* boilerplate */ = {
			isa = PBXNativeTarget;
			buildConfigurationList = 92CF18E62F148F0F005E579B /* Build configuration list for PBXNativeTarget "boilerplate" */;
			buildPhases = (
				92CF18B92F148F0D005E579B /* Sources */,
				92CF18BA2F148F0D005E579B /* Frameworks */,
				92CF18BB2F148F0D005E579B /* Resources */,
			);
			buildRules = (
			);
			dependencies = (
			);
			fileSystemSynchronizedGroups = (
				92CF18BF2F148F0D005E579B /* boilerplate */,
			);
			name = boilerplate;
			packageProductDependencies = (
				92CF19632F14CD83005E579B /* FirebaseAuth */,
				92CF19652F14CD83005E579B /* FirebaseFirestore */,
				92CF19672F14CD83005E579B /* FirebaseStorage */,
				92D5A54B2F2318E900226001 /* RevenueCat */,
				92D5A54D2F2318E900226001 /* RevenueCatUI */,
				92D5A5502F2369F200226001 /* GoogleSignIn */,
				92D5A5522F2369F200226001 /* GoogleSignInSwift */,
			);
			productName = boilerplate;
			productReference = 92CF18BD2F148F0D005E579B /* boilerplate.app */;
			productType = "com.apple.product-type.application";
		};
		92CF18D22F148F0F005E579B /* boilerplateTests */ = {
			isa = PBXNativeTarget;
			buildConfigurationList = 92CF18EB2F148F0F005E579B /* Build configuration list for PBXNativeTarget "boilerplateTests" */;
			buildPhases = (
				92CF18CF2F148F0F005E579B /* Sources */,
				92CF18D02F148F0F005E579B /* Frameworks */,
				92CF18D12F148F0F005E579B /* Resources */,
			);
			buildRules = (
			);
			dependencies = (
				92CF18D52F148F0F005E579B /* PBXTargetDependency */,
			);
			fileSystemSynchronizedGroups = (
				92CF18D62F148F0F005E579B /* boilerplateTests */,
			);
			name = boilerplateTests;
			packageProductDependencies = (
			);
			productName = boilerplateTests;
			productReference = 92CF18D32F148F0F005E579B /* boilerplateTests.xctest */;
			productType = "com.apple.product-type.bundle.unit-test";
		};
		92CF18DC2F148F0F005E579B /* boilerplateUITests */ = {
			isa = PBXNativeTarget;
			buildConfigurationList = 92CF18EE2F148F0F005E579B /* Build configuration list for PBXNativeTarget "boilerplateUITests" */;
			buildPhases = (
				92CF18D92F148F0F005E579B /* Sources */,
				92CF18DA2F148F0F005E579B /* Frameworks */,
				92CF18DB2F148F0F005E579B /* Resources */,
			);
			buildRules = (
			);
			dependencies = (
				92CF18DF2F148F0F005E579B /* PBXTargetDependency */,
			);
			fileSystemSynchronizedGroups = (
				92CF18E02F148F0F005E579B /* boilerplateUITests */,
			);
			name = boilerplateUITests;
			packageProductDependencies = (
			);
			productName = boilerplateUITests;
			productReference = 92CF18DD2F148F0F005E579B /* boilerplateUITests.xctest */;
			productType = "com.apple.product-type.bundle.ui-testing";
		};
/* End PBXNativeTarget section */

/* Begin PBXProject section */
		92CF18B52F148F0D005E579B /* Project object */ = {
			isa = PBXProject;
			attributes = {
				BuildIndependentTargetsInParallel = 1;
				LastSwiftUpdateCheck = 1620;
				LastUpgradeCheck = 1620;
				TargetAttributes = {
					92CF18BC2F148F0D005E579B = {
						CreatedOnToolsVersion = 16.2;
					};
					92CF18D22F148F0F005E579B = {
						CreatedOnToolsVersion = 16.2;
						TestTargetID = 92CF18BC2F148F0D005E579B;
					};
					92CF18DC2F148F0F005E579B = {
						CreatedOnToolsVersion = 16.2;
						TestTargetID = 92CF18BC2F148F0D005E579B;
					};
				};
			};
			buildConfigurationList = 92CF18B82F148F0D005E579B /* Build configuration list for PBXProject "boilerplate" */;
			developmentRegion = en;
			hasScannedForEncodings = 0;
			knownRegions = (
				en,
				Base,
			);
			mainGroup = 92CF18B42F148F0D005E579B;
			minimizedProjectReferenceProxies = 1;
			packageReferences = (
				92CF19622F14CD83005E579B /* XCRemoteSwiftPackageReference "firebase-ios-sdk" */,
				92D5A54A2F2318E900226001 /* XCRemoteSwiftPackageReference "purchases-ios-spm" */,
				92D5A54F2F2369F200226001 /* XCRemoteSwiftPackageReference "GoogleSignIn-iOS" */,
			);
			preferredProjectObjectVersion = 77;
			productRefGroup = 92CF18BE2F148F0D005E579B /* Products */;
			projectDirPath = "";
			projectRoot = "";
			targets = (
				92CF18BC2F148F0D005E579B /* boilerplate */,
				92CF18D22F148F0F005E579B /* boilerplateTests */,
				92CF18DC2F148F0F005E579B /* boilerplateUITests */,
			);
		};
/* End PBXProject section */

/* Begin PBXResourcesBuildPhase section */
		92CF18BB2F148F0D005E579B /* Resources */ = {
			isa = PBXResourcesBuildPhase;
			buildActionMask = 2147483647;
			files = (
			);
			runOnlyForDeploymentPostprocessing = 0;
		};
		92CF18D12F148F0F005E579B /* Resources */ = {
			isa = PBXResourcesBuildPhase;
			buildActionMask = 2147483647;
			files = (
			);
			runOnlyForDeploymentPostprocessing = 0;
		};
		92CF18DB2F148F0F005E579B /* Resources */ = {
			isa = PBXResourcesBuildPhase;
			buildActionMask = 2147483647;
			files = (
			);
			runOnlyForDeploymentPostprocessing = 0;
		};
/* End PBXResourcesBuildPhase section */

/* Begin PBXSourcesBuildPhase section */
		92CF18B92F148F0D005E579B /* Sources */ = {
			isa = PBXSourcesBuildPhase;
			buildActionMask = 2147483647;
			files = (
			);
			runOnlyForDeploymentPostprocessing = 0;
		};
		92CF18CF2F148F0F005E579B /* Sources */ = {
			isa = PBXSourcesBuildPhase;
			buildActionMask = 2147483647;
			files = (
			);
			runOnlyForDeploymentPostprocessing = 0;
		};
		92CF18D92F148F0F005E579B /* Sources */ = {
			isa = PBXSourcesBuildPhase;
			buildActionMask = 2147483647;
			files = (
			);
			runOnlyForDeploymentPostprocessing = 0;
		};
/* End PBXSourcesBuildPhase section */

/* Begin PBXTargetDependency section */
		92CF18D52F148F0F005E579B /* PBXTargetDependency */ = {
			isa = PBXTargetDependency;
			target = 92CF18BC2F148F0D005E579B /* boilerplate */;
			targetProxy = 92CF18D42F148F0F005E579B /* PBXContainerItemProxy */;
		};
		92CF18DF2F148F0F005E579B /* PBXTargetDependency */ = {
			isa = PBXTargetDependency;
			target = 92CF18BC2F148F0D005E579B /* boilerplate */;
			targetProxy = 92CF18DE2F148F0F005E579B /* PBXContainerItemProxy */;
		};
/* End PBXTargetDependency section */

/* Begin XCBuildConfiguration section */
		92CF18E72F148F0F005E579B /* Debug */ = {
			isa = XCBuildConfiguration;
			buildSettings = {
				ASSETCATALOG_COMPILER_APPICON_NAME = AppIcon;
				ASSETCATALOG_COMPILER_GLOBAL_ACCENT_COLOR_NAME = AccentColor;
				CODE_SIGN_ENTITLEMENTS = boilerplate/boilerplate.entitlements;
				CODE_SIGN_STYLE = Automatic;
				CURRENT_PROJECT_VERSION = 1;
				DEVELOPMENT_TEAM = 39BJ68ZRUU;
				GENERATE_INFOPLIST_FILE = YES;
				INFOPLIST_FILE = boilerplate/Info.plist;
				INFOPLIST_KEY_CFBundleDisplayName = Posterized;
				INFOPLIST_KEY_LSApplicationCategoryType = "public.app-category.entertainment";
				INFOPLIST_KEY_NSCameraUsageDescription = "We need access to your camera to take photos for your AI conversations.";
				INFOPLIST_KEY_NSPhotoLibraryAddUsageDescription = "We need access to save photos to your library.";
				INFOPLIST_KEY_NSPhotoLibraryUsageDescription = "We need access to your photo library to select images for your AI conversations.";
				INFOPLIST_KEY_UIApplicationSupportsIndirectInputEvents = YES;
				INFOPLIST_KEY_UILaunchStoryboardName = LaunchScreen;
				INFOPLIST_KEY_UIMainStoryboardFile = Main;
				INFOPLIST_KEY_UISupportedInterfaceOrientations_iPad = "UIInterfaceOrientationPortrait UIInterfaceOrientationPortraitUpsideDown UIInterfaceOrientationLandscapeLeft UIInterfaceOrientationLandscapeRight";
				INFOPLIST_KEY_UISupportedInterfaceOrientations_iPhone = "UIInterfaceOrientationPortrait UIInterfaceOrientationLandscapeLeft UIInterfaceOrientationLandscapeRight";
				IPHONEOS_DEPLOYMENT_TARGET = 16.6;
				LD_RUNPATH_SEARCH_PATHS = (
					"$(inherited)",
					"@executable_path/Frameworks",
				);
				MARKETING_VERSION = 1.0;
				PRODUCT_BUNDLE_IDENTIFIER = com.hyre.posterized;
				PRODUCT_NAME = "$(TARGET_NAME)";
				SWIFT_EMIT_LOC_STRINGS = YES;
				SWIFT_VERSION = 5.0;
				TARGETED_DEVICE_FAMILY = "1,2";
			};
			name = Debug;
		};
		92CF18E82F148F0F005E579B /* Release */ = {
			isa = XCBuildConfiguration;
			buildSettings = {
				ASSETCATALOG_COMPILER_APPICON_NAME = AppIcon;
				ASSETCATALOG_COMPILER_GLOBAL_ACCENT_COLOR_NAME = AccentColor;
				CODE_SIGN_ENTITLEMENTS = boilerplate/boilerplate.entitlements;
				CODE_SIGN_STYLE = Automatic;
				CURRENT_PROJECT_VERSION = 1;
				DEVELOPMENT_TEAM = 39BJ68ZRUU;
				GENERATE_INFOPLIST_FILE = YES;
				INFOPLIST_FILE = boilerplate/Info.plist;
				INFOPLIST_KEY_CFBundleDisplayName = Posterized;
				INFOPLIST_KEY_LSApplicationCategoryType = "public.app-category.entertainment";
				INFOPLIST_KEY_NSCameraUsageDescription = "We need access to your camera to take photos for your AI conversations.";
				INFOPLIST_KEY_NSPhotoLibraryAddUsageDescription = "We need access to save photos to your library.";
				INFOPLIST_KEY_NSPhotoLibraryUsageDescription = "We need access to your photo library to select images for your AI conversations.";
				INFOPLIST_KEY_UIApplicationSupportsIndirectInputEvents = YES;
				INFOPLIST_KEY_UILaunchStoryboardName = LaunchScreen;
				INFOPLIST_KEY_UIMainStoryboardFile = Main;
				INFOPLIST_KEY_UISupportedInterfaceOrientations_iPad = "UIInterfaceOrientationPortrait UIInterfaceOrientationPortraitUpsideDown UIInterfaceOrientationLandscapeLeft UIInterfaceOrientationLandscapeRight";
				INFOPLIST_KEY_UISupportedInterfaceOrientations_iPhone = "UIInterfaceOrientationPortrait UIInterfaceOrientationLandscapeLeft UIInterfaceOrientationLandscapeRight";
				IPHONEOS_DEPLOYMENT_TARGET = 16.6;
				LD_RUNPATH_SEARCH_PATHS = (
					"$(inherited)",
					"@executable_path/Frameworks",
				);
				MARKETING_VERSION = 1.0;
				PRODUCT_BUNDLE_IDENTIFIER = com.hyre.posterized;
				PRODUCT_NAME = "$(TARGET_NAME)";
				SWIFT_EMIT_LOC_STRINGS = YES;
				SWIFT_VERSION = 5.0;
				TARGETED_DEVICE_FAMILY = "1,2";
			};
			name = Release;
		};
		92CF18E92F148F0F005E579B /* Debug */ = {
			isa = XCBuildConfiguration;
			buildSettings = {
				ALWAYS_SEARCH_USER_PATHS = NO;
				ASSETCATALOG_COMPILER_GENERATE_SWIFT_ASSET_SYMBOL_EXTENSIONS = YES;
				CLANG_ANALYZER_NONNULL = YES;
				CLANG_ANALYZER_NUMBER_OBJECT_CONVERSION = YES_AGGRESSIVE;
				CLANG_CXX_LANGUAGE_STANDARD = "gnu++20";
				CLANG_ENABLE_MODULES = YES;
				CLANG_ENABLE_OBJC_ARC = YES;
				CLANG_ENABLE_OBJC_WEAK = YES;
				CLANG_WARN_BLOCK_CAPTURE_AUTORELEASING = YES;
				CLANG_WARN_BOOL_CONVERSION = YES;
				CLANG_WARN_COMMA = YES;
				CLANG_WARN_CONSTANT_CONVERSION = YES;
				CLANG_WARN_DEPRECATED_OBJC_IMPLEMENTATIONS = YES;
				CLANG_WARN_DIRECT_OBJC_ISA_USAGE = YES_ERROR;
				CLANG_WARN_DOCUMENTATION_COMMENTS = YES;
				CLANG_WARN_EMPTY_BODY = YES;
				CLANG_WARN_ENUM_CONVERSION = YES;
				CLANG_WARN_INFINITE_RECURSION = YES;
				CLANG_WARN_INT_CONVERSION = YES;
				CLANG_WARN_NON_LITERAL_NULL_CONVERSION = YES;
				CLANG_WARN_OBJC_IMPLICIT_RETAIN_SELF = YES;
				CLANG_WARN_OBJC_LITERAL_CONVERSION = YES;
				CLANG_WARN_OBJC_ROOT_CLASS = YES_ERROR;
				CLANG_WARN_QUOTED_INCLUDE_IN_FRAMEWORK_HEADER = YES;
				CLANG_WARN_RANGE_LOOP_ANALYSIS = YES;
				CLANG_WARN_STRICT_PROTOTYPES = YES;
				CLANG_WARN_SUSPICIOUS_MOVE = YES;
				CLANG_WARN_UNGUARDED_AVAILABILITY = YES_AGGRESSIVE;
				CLANG_WARN_UNREACHABLE_CODE = YES;
				CLANG_WARN__DUPLICATE_METHOD_MATCH = YES;
				COPY_PHASE_STRIP = NO;
				DEBUG_INFORMATION_FORMAT = dwarf;
				ENABLE_STRICT_OBJC_MSGSEND = YES;
				ENABLE_TESTABILITY = YES;
				ENABLE_USER_SCRIPT_SANDBOXING = YES;
				GCC_C_LANGUAGE_STANDARD = gnu17;
				GCC_DYNAMIC_NO_PIC = NO;
				GCC_NO_COMMON_BLOCKS = YES;
				GCC_OPTIMIZATION_LEVEL = 0;
				GCC_PREPROCESSOR_DEFINITIONS = (
					"DEBUG=1",
					"$(inherited)",
				);
				GCC_WARN_64_TO_32_BIT_CONVERSION = YES;
				GCC_WARN_ABOUT_RETURN_TYPE = YES_ERROR;
				GCC_WARN_UNDECLARED_SELECTOR = YES;
				GCC_WARN_UNINITIALIZED_AUTOS = YES_AGGRESSIVE;
				GCC_WARN_UNUSED_FUNCTION = YES;
				GCC_WARN_UNUSED_VARIABLE = YES;
				IPHONEOS_DEPLOYMENT_TARGET = 18.2;
				LOCALIZATION_PREFERS_STRING_CATALOGS = YES;
				MTL_ENABLE_DEBUG_INFO = INCLUDE_SOURCE;
				MTL_FAST_MATH = YES;
				ONLY_ACTIVE_ARCH = YES;
				SDKROOT = iphoneos;
				SWIFT_ACTIVE_COMPILATION_CONDITIONS = "DEBUG $(inherited)";
				SWIFT_OPTIMIZATION_LEVEL = "-Onone";
			};
			name = Debug;
		};
		92CF18EA2F148F0F005E579B /* Release */ = {
			isa = XCBuildConfiguration;
			buildSettings = {
				ALWAYS_SEARCH_USER_PATHS = NO;
				ASSETCATALOG_COMPILER_GENERATE_SWIFT_ASSET_SYMBOL_EXTENSIONS = YES;
				CLANG_ANALYZER_NONNULL = YES;
				CLANG_ANALYZER_NUMBER_OBJECT_CONVERSION = YES_AGGRESSIVE;
				CLANG_CXX_LANGUAGE_STANDARD = "gnu++20";
				CLANG_ENABLE_MODULES = YES;
				CLANG_ENABLE_OBJC_ARC = YES;
				CLANG_ENABLE_OBJC_WEAK = YES;
				CLANG_WARN_BLOCK_CAPTURE_AUTORELEASING = YES;
				CLANG_WARN_BOOL_CONVERSION = YES;
				CLANG_WARN_COMMA = YES;
				CLANG_WARN_CONSTANT_CONVERSION = YES;
				CLANG_WARN_DEPRECATED_OBJC_IMPLEMENTATIONS = YES;
				CLANG_WARN_DIRECT_OBJC_ISA_USAGE = YES_ERROR;
				CLANG_WARN_DOCUMENTATION_COMMENTS = YES;
				CLANG_WARN_EMPTY_BODY = YES;
				CLANG_WARN_ENUM_CONVERSION = YES;
				CLANG_WARN_INFINITE_RECURSION = YES;
				CLANG_WARN_INT_CONVERSION = YES;
				CLANG_WARN_NON_LITERAL_NULL_CONVERSION = YES;
				CLANG_WARN_OBJC_IMPLICIT_RETAIN_SELF = YES;
				CLANG_WARN_OBJC_LITERAL_CONVERSION = YES;
				CLANG_WARN_OBJC_ROOT_CLASS = YES_ERROR;
				CLANG_WARN_QUOTED_INCLUDE_IN_FRAMEWORK_HEADER = YES;
				CLANG_WARN_RANGE_LOOP_ANALYSIS = YES;
				CLANG_WARN_STRICT_PROTOTYPES = YES;
				CLANG_WARN_SUSPICIOUS_MOVE = YES;
				CLANG_WARN_UNGUARDED_AVAILABILITY = YES_AGGRESSIVE;
				CLANG_WARN_UNREACHABLE_CODE = YES;
				CLANG_WARN__DUPLICATE_METHOD_MATCH = YES;
				COPY_PHASE_STRIP = NO;
				DEBUG_INFORMATION_FORMAT = "dwarf-with-dsym";
				ENABLE_NS_ASSERTIONS = NO;
				ENABLE_STRICT_OBJC_MSGSEND = YES;
				ENABLE_USER_SCRIPT_SANDBOXING = YES;
				GCC_C_LANGUAGE_STANDARD = gnu17;
				GCC_NO_COMMON_BLOCKS = YES;
				GCC_WARN_64_TO_32_BIT_CONVERSION = YES;
				GCC_WARN_ABOUT_RETURN_TYPE = YES_ERROR;
				GCC_WARN_UNDECLARED_SELECTOR = YES;
				GCC_WARN_UNINITIALIZED_AUTOS = YES_AGGRESSIVE;
				GCC_WARN_UNUSED_FUNCTION = YES;
				GCC_WARN_UNUSED_VARIABLE = YES;
				IPHONEOS_DEPLOYMENT_TARGET = 18.2;
				LOCALIZATION_PREFERS_STRING_CATALOGS = YES;
				MTL_ENABLE_DEBUG_INFO = NO;
				MTL_FAST_MATH = YES;
				SDKROOT = iphoneos;
				SWIFT_COMPILATION_MODE = wholemodule;
				VALIDATE_PRODUCT = YES;
			};
			name = Release;
		};
		92CF18EC2F148F0F005E579B /* Debug */ = {
			isa = XCBuildConfiguration;
			buildSettings = {
				BUNDLE_LOADER = "$(TEST_HOST)";
				CODE_SIGN_STYLE = Automatic;
				CURRENT_PROJECT_VERSION = 1;
				DEVELOPMENT_TEAM = L7B5G4NH3A;
				GENERATE_INFOPLIST_FILE = YES;
				IPHONEOS_DEPLOYMENT_TARGET = 18.2;
				MARKETING_VERSION = 1.0;
				PRODUCT_BUNDLE_IDENTIFIER = hyre.boilerplateTests;
				PRODUCT_NAME = "$(TARGET_NAME)";
				SWIFT_EMIT_LOC_STRINGS = NO;
				SWIFT_VERSION = 5.0;
				TARGETED_DEVICE_FAMILY = "1,2";
				TEST_HOST = "$(BUILT_PRODUCTS_DIR)/boilerplate.app/$(BUNDLE_EXECUTABLE_FOLDER_PATH)/boilerplate";
			};
			name = Debug;
		};
		92CF18ED2F148F0F005E579B /* Release */ = {
			isa = XCBuildConfiguration;
			buildSettings = {
				BUNDLE_LOADER = "$(TEST_HOST)";
				CODE_SIGN_STYLE = Automatic;
				CURRENT_PROJECT_VERSION = 1;
				DEVELOPMENT_TEAM = L7B5G4NH3A;
				GENERATE_INFOPLIST_FILE = YES;
				IPHONEOS_DEPLOYMENT_TARGET = 18.2;
				MARKETING_VERSION = 1.0;
				PRODUCT_BUNDLE_IDENTIFIER = hyre.boilerplateTests;
				PRODUCT_NAME = "$(TARGET_NAME)";
				SWIFT_EMIT_LOC_STRINGS = NO;
				SWIFT_VERSION = 5.0;
				TARGETED_DEVICE_FAMILY = "1,2";
				TEST_HOST = "$(BUILT_PRODUCTS_DIR)/boilerplate.app/$(BUNDLE_EXECUTABLE_FOLDER_PATH)/boilerplate";
			};
			name = Release;
		};
		92CF18EF2F148F0F005E579B /* Debug */ = {
			isa = XCBuildConfiguration;
			buildSettings = {
				CODE_SIGN_STYLE = Automatic;
				CURRENT_PROJECT_VERSION = 1;
				DEVELOPMENT_TEAM = L7B5G4NH3A;
				GENERATE_INFOPLIST_FILE = YES;
				MARKETING_VERSION = 1.0;
				PRODUCT_BUNDLE_IDENTIFIER = hyre.boilerplateUITests;
				PRODUCT_NAME = "$(TARGET_NAME)";
				SWIFT_EMIT_LOC_STRINGS = NO;
				SWIFT_VERSION = 5.0;
				TARGETED_DEVICE_FAMILY = "1,2";
				TEST_TARGET_NAME = boilerplate;
			};
			name = Debug;
		};
		92CF18F02F148F0F005E579B /* Release */ = {
			isa = XCBuildConfiguration;
			buildSettings = {
				CODE_SIGN_STYLE = Automatic;
				CURRENT_PROJECT_VERSION = 1;
				DEVELOPMENT_TEAM = L7B5G4NH3A;
				GENERATE_INFOPLIST_FILE = YES;
				MARKETING_VERSION = 1.0;
				PRODUCT_BUNDLE_IDENTIFIER = hyre.boilerplateUITests;
				PRODUCT_NAME = "$(TARGET_NAME)";
				SWIFT_EMIT_LOC_STRINGS = NO;
				SWIFT_VERSION = 5.0;
				TARGETED_DEVICE_FAMILY = "1,2";
				TEST_TARGET_NAME = boilerplate;
			};
			name = Release;
		};
/* End XCBuildConfiguration section */

/* Begin XCConfigurationList section */
		92CF18B82F148F0D005E579B /* Build configuration list for PBXProject "boilerplate" */ = {
			isa = XCConfigurationList;
			buildConfigurations = (
				92CF18E92F148F0F005E579B /* Debug */,
				92CF18EA2F148F0F005E579B /* Release */,
			);
			defaultConfigurationIsVisible = 0;
			defaultConfigurationName = Release;
		};
		92CF18E62F148F0F005E579B /* Build configuration list for PBXNativeTarget "boilerplate" */ = {
			isa = XCConfigurationList;
			buildConfigurations = (
				92CF18E72F148F0F005E579B /* Debug */,
				92CF18E82F148F0F005E579B /* Release */,
			);
			defaultConfigurationIsVisible = 0;
			defaultConfigurationName = Release;
		};
		92CF18EB2F148F0F005E579B /* Build configuration list for PBXNativeTarget "boilerplateTests" */ = {
			isa = XCConfigurationList;
			buildConfigurations = (
				92CF18EC2F148F0F005E579B /* Debug */,
				92CF18ED2F148F0F005E579B /* Release */,
			);
			defaultConfigurationIsVisible = 0;
			defaultConfigurationName = Release;
		};
		92CF18EE2F148F0F005E579B /* Build configuration list for PBXNativeTarget "boilerplateUITests" */ = {
			isa = XCConfigurationList;
			buildConfigurations = (
				92CF18EF2F148F0F005E579B /* Debug */,
				92CF18F02F148F0F005E579B /* Release */,
			);
			defaultConfigurationIsVisible = 0;
			defaultConfigurationName = Release;
		};
/* End XCConfigurationList section */

/* Begin XCRemoteSwiftPackageReference section */
		92CF19622F14CD83005E579B /* XCRemoteSwiftPackageReference "firebase-ios-sdk" */ = {
			isa = XCRemoteSwiftPackageReference;
			repositoryURL = "https://github.com/firebase/firebase-ios-sdk";
			requirement = {
				kind = upToNextMajorVersion;
				minimumVersion = 12.7.0;
			};
		};
		92D5A54A2F2318E900226001 /* XCRemoteSwiftPackageReference "purchases-ios-spm" */ = {
			isa = XCRemoteSwiftPackageReference;
			repositoryURL = "https://github.com/RevenueCat/purchases-ios-spm.git";
			requirement = {
				kind = upToNextMajorVersion;
				minimumVersion = 5.55.3;
			};
		};
		92D5A54F2F2369F200226001 /* XCRemoteSwiftPackageReference "GoogleSignIn-iOS" */ = {
			isa = XCRemoteSwiftPackageReference;
			repositoryURL = "https://github.com/google/GoogleSignIn-iOS";
			requirement = {
				kind = upToNextMajorVersion;
				minimumVersion = 9.1.0;
			};
		};
/* End XCRemoteSwiftPackageReference section */

/* Begin XCSwiftPackageProductDependency section */
		92CF19632F14CD83005E579B /* FirebaseAuth */ = {
			isa = XCSwiftPackageProductDependency;
			package = 92CF19622F14CD83005E579B /* XCRemoteSwiftPackageReference "firebase-ios-sdk" */;
			productName = FirebaseAuth;
		};
		92CF19652F14CD83005E579B /* FirebaseFirestore */ = {
			isa = XCSwiftPackageProductDependency;
			package = 92CF19622F14CD83005E579B /* XCRemoteSwiftPackageReference "firebase-ios-sdk" */;
			productName = FirebaseFirestore;
		};
		92CF19672F14CD83005E579B /* FirebaseStorage */ = {
			isa = XCSwiftPackageProductDependency;
			package = 92CF19622F14CD83005E579B /* XCRemoteSwiftPackageReference "firebase-ios-sdk" */;
			productName = FirebaseStorage;
		};
		92D5A54B2F2318E900226001 /* RevenueCat */ = {
			isa = XCSwiftPackageProductDependency;
			package = 92D5A54A2F2318E900226001 /* XCRemoteSwiftPackageReference "purchases-ios-spm" */;
			productName = RevenueCat;
		};
		92D5A54D2F2318E900226001 /* RevenueCatUI */ = {
			isa = XCSwiftPackageProductDependency;
			package = 92D5A54A2F2318E900226001 /* XCRemoteSwiftPackageReference "purchases-ios-spm" */;
			productName = RevenueCatUI;
		};
		92D5A5502F2369F200226001 /* GoogleSignIn */ = {
			isa = XCSwiftPackageProductDependency;
			package = 92D5A54F2F2369F200226001 /* XCRemoteSwiftPackageReference "GoogleSignIn-iOS" */;
			productName = GoogleSignIn;
		};
		92D5A5522F2369F200226001 /* GoogleSignInSwift */ = {
			isa = XCSwiftPackageProductDependency;
			package = 92D5A54F2F2369F200226001 /* XCRemoteSwiftPackageReference "GoogleSignIn-iOS" */;
			productName = GoogleSignInSwift;
		};
/* End XCSwiftPackageProductDependency section */
	};
	rootObject = 92CF18B52F148F0D005E579B /* Project object */;
}
